
Microsoft Visual Studio Solution File, Format Version 12.00
# Visual Studio 15
VisualStudioVersion = 15.0.28010.2036
MinimumVisualStudioVersion = 10.0.40219.1
Project("{FAE04EC0-301F-11D3-BF4B-00C04F79EFBC}") = "Assignment8", "Assignment8\Assignment8.csproj", "{ACE3A37E-FDDC-4815-9835-18FA9A474595}"
EndProject
Project("{FAE04EC0-301F-11D3-BF4B-00C04F79EFBC}") = "Delegates", "Delegates\Delegates.csproj", "{A285CED1-2E11-4D35-8BA4-AE4E58F4FBD6}"
EndProject
Project("{FAE04EC0-301F-11D3-BF4B-00C04F79EFBC}") = "Assignment8.Tests", "Assignment8.Tests\Assignment8.Tests.csproj", "{6590E7F5-84E1-4DB7-A528-9608AF2CCC0E}"
EndProject
Global
	GlobalSection(SolutionConfigurationPlatforms) = preSolution
		Debug|Any CPU = Debug|Any CPU
		Release|Any CPU = Release|Any CPU
	EndGlobalSection
	GlobalSection(ProjectConfigurationPlatforms) = postSolution
		{ACE3A37E-FDDC-4815-9835-18FA9A474595}.Debug|Any CPU.ActiveCfg = Debug|Any CPU
		{ACE3A37E-FDDC-4815-9835-18FA9A474595}.Debug|Any CPU.Build.0 = Debug|Any CPU
		{ACE3A37E-FDDC-4815-9835-18FA9A474595}.Release|Any CPU.ActiveCfg = Release|Any CPU
		{ACE3A37E-FDDC-4815-9835-18FA9A474595}.Release|Any CPU.Build.0 = Release|Any CPU
		{A285CED1-2E11-4D35-8BA4-AE4E58F4FBD6}.Debug|Any CPU.ActiveCfg = Debug|Any CPU
		{A285CED1-2E11-4D35-8BA4-AE4E58F4FBD6}.Debug|Any CPU.Build.0 = Debug|Any CPU
		{A285CED1-2E11-4D35-8BA4-AE4E58F4FBD6}.Release|Any CPU.ActiveCfg = Release|Any CPU
		{A285CED1-2E11-4D35-8BA4-AE4E58F4FBD6}.Release|Any CPU.Build.0 = Release|Any CPU
		{6590E7F5-84E1-4DB7-A528-9608AF2CCC0E}.Debug|Any CPU.ActiveCfg = Debug|Any CPU
		{6590E7F5-84E1-4DB7-A528-9608AF2CCC0E}.Debug|Any CPU.Build.0 = Debug|Any CPU
		{6590E7F5-84E1-4DB7-A528-9608AF2CCC0E}.Release|Any CPU.ActiveCfg = Release|Any CPU
		{6590E7F5-84E1-4DB7-A528-9608AF2CCC0E}.Release|Any CPU.Build.0 = Release|Any CPU
	EndGlobalSection
	GlobalSection(SolutionProperties) = preSolution
		HideSolutionNode = FALSE
	EndGlobalSection
	GlobalSection(ExtensibilityGlobals) = postSolution
		SolutionGuid = {8600A692-1140-457D-A3E2-8D3C35E4CE00}
	EndGlobalSection
EndGlobal
