
Microsoft Visual Studio Solution File, Format Version 12.00
# Visual Studio 15
VisualStudioVersion = 15.0.28010.2036
MinimumVisualStudioVersion = 10.0.40219.1
Project("{9A19103F-16F7-4668-BE54-9A1E7A4F7556}") = "UniversityCourse", "UniversityCourse\UniversityCourse.csproj", "{B8632C37-ACE7-453F-AFB0-822F264AC739}"
EndProject
Project("{9A19103F-16F7-4668-BE54-9A1E7A4F7556}") = "UniversityCourse.Tests", "UniversityCourse.Tests\UniversityCourse.Tests.csproj", "{3F87BD35-4F3E-4CC5-B9B4-ACBF34DCD74F}"
EndProject
Global
	GlobalSection(SolutionConfigurationPlatforms) = preSolution
		Debug|Any CPU = Debug|Any CPU
		Release|Any CPU = Release|Any CPU
	EndGlobalSection
	GlobalSection(ProjectConfigurationPlatforms) = postSolution
		{B8632C37-ACE7-453F-AFB0-822F264AC739}.Debug|Any CPU.ActiveCfg = Debug|Any CPU
		{B8632C37-ACE7-453F-AFB0-822F264AC739}.Debug|Any CPU.Build.0 = Debug|Any CPU
		{B8632C37-ACE7-453F-AFB0-822F264AC739}.Release|Any CPU.ActiveCfg = Release|Any CPU
		{B8632C37-ACE7-453F-AFB0-822F264AC739}.Release|Any CPU.Build.0 = Release|Any CPU
		{3F87BD35-4F3E-4CC5-B9B4-ACBF34DCD74F}.Debug|Any CPU.ActiveCfg = Debug|Any CPU
		{3F87BD35-4F3E-4CC5-B9B4-ACBF34DCD74F}.Debug|Any CPU.Build.0 = Debug|Any CPU
		{3F87BD35-4F3E-4CC5-B9B4-ACBF34DCD74F}.Release|Any CPU.ActiveCfg = Release|Any CPU
		{3F87BD35-4F3E-4CC5-B9B4-ACBF34DCD74F}.Release|Any CPU.Build.0 = Release|Any CPU
	EndGlobalSection
	GlobalSection(SolutionProperties) = preSolution
		HideSolutionNode = FALSE
	EndGlobalSection
	GlobalSection(ExtensibilityGlobals) = postSolution
		SolutionGuid = {C214B191-BB17-475F-ABE3-B5B070C643B2}
	EndGlobalSection
EndGlobal
